// !$*UTF8*$!
{
	archiveVersion = 1;
	classes = {
	};
	objectVersion = 56;
	objects = {

/* Begin PBXBuildFile section */
		F84B08EF2A66B9F0002CAAB5 /* AppMain.swift in Sources */ = {isa = PBXBuildFile; fileRef = F84B08EE2A66B9F0002CAAB5 /* AppMain.swift */; };
		F84B08F32A66B9F1002CAAB5 /* Assets.xcassets in Resources */ = {isa = PBXBuildFile; fileRef = F84B08F22A66B9F1002CAAB5 /* Assets.xcassets */; };
		F84B08F62A66B9F1002CAAB5 /* Preview Assets.xcassets in Resources */ = {isa = PBXBuildFile; fileRef = F84B08F52A66B9F1002CAAB5 /* Preview Assets.xcassets */; };
		F84B08FE2A66BA5D002CAAB5 /* ComposableArchitecture in Frameworks */ = {isa = PBXBuildFile; productRef = F84B08FD2A66BA5D002CAAB5 /* ComposableArchitecture */; };
		F84B09012A66BB1B002CAAB5 /* RootView.swift in Sources */ = {isa = PBXBuildFile; fileRef = F84B09002A66BB1B002CAAB5 /* RootView.swift */; };
		F84B09032A66BB21002CAAB5 /* RootFeature.swift in Sources */ = {isa = PBXBuildFile; fileRef = F84B09022A66BB21002CAAB5 /* RootFeature.swift */; };
		F84B09072A66BB76002CAAB5 /* SystemEnvironment.swift in Sources */ = {isa = PBXBuildFile; fileRef = F84B09062A66BB76002CAAB5 /* SystemEnvironment.swift */; };
		F84B09092A66BB96002CAAB5 /* APIError.swift in Sources */ = {isa = PBXBuildFile; fileRef = F84B09082A66BB96002CAAB5 /* APIError.swift */; };
		F84B090C2A66BC02002CAAB5 /* BoardgamesFeature.swift in Sources */ = {isa = PBXBuildFile; fileRef = F84B090B2A66BC02002CAAB5 /* BoardgamesFeature.swift */; };
		F84B090E2A66BC66002CAAB5 /* BoardgameModel.swift in Sources */ = {isa = PBXBuildFile; fileRef = F84B090D2A66BC66002CAAB5 /* BoardgameModel.swift */; };
		F84B09102A66BCDF002CAAB5 /* BoardgamesEffects.swift in Sources */ = {isa = PBXBuildFile; fileRef = F84B090F2A66BCDF002CAAB5 /* BoardgamesEffects.swift */; };
		F84B09122A66C0E9002CAAB5 /* BoardgamesView.swift in Sources */ = {isa = PBXBuildFile; fileRef = F84B09112A66C0E9002CAAB5 /* BoardgamesView.swift */; };
		F84B09152A66DD00002CAAB5 /* URLRequest+Publisher.swift in Sources */ = {isa = PBXBuildFile; fileRef = F84B09142A66DD00002CAAB5 /* URLRequest+Publisher.swift */; };
		F84B09182A66E0EF002CAAB5 /* ExpandableText.swift in Sources */ = {isa = PBXBuildFile; fileRef = F84B09172A66E0EF002CAAB5 /* ExpandableText.swift */; };
		F84B091A2A66E10E002CAAB5 /* ExpandableText+More.swift in Sources */ = {isa = PBXBuildFile; fileRef = F84B09192A66E10E002CAAB5 /* ExpandableText+More.swift */; };
		F84B091E2A67126F002CAAB5 /* CustomShapes.swift in Sources */ = {isa = PBXBuildFile; fileRef = F84B091D2A67126F002CAAB5 /* CustomShapes.swift */; };
		F863D6F62A67CD3C000D7FA9 /* template.plist in Resources */ = {isa = PBXBuildFile; fileRef = F863D6F52A67CD3C000D7FA9 /* template.plist */; };
		F87624232A67D1D80038F040 /* ConfigManager.swift in Sources */ = {isa = PBXBuildFile; fileRef = F87624222A67D1D80038F040 /* ConfigManager.swift */; };
		F87624282A67E4160038F040 /* Color+HEX.swift in Sources */ = {isa = PBXBuildFile; fileRef = F87624272A67E4160038F040 /* Color+HEX.swift */; };
		F87624302A6831470038F040 /* SearchBar.swift in Sources */ = {isa = PBXBuildFile; fileRef = F876242F2A6831470038F040 /* SearchBar.swift */; };
		F87624322A683FDF0038F040 /* RatingStar.swift in Sources */ = {isa = PBXBuildFile; fileRef = F87624312A683FDF0038F040 /* RatingStar.swift */; };
/* End PBXBuildFile section */

/* Begin PBXFileReference section */
		43FDFA78C78FAF363A694DA9 /* Foundation.framework */ = {isa = PBXFileReference; lastKnownFileType = wrapper.framework; name = Foundation.framework; path = Platforms/iPhoneOS.platform/Developer/SDKs/iPhoneOS14.0.sdk/System/Library/Frameworks/Foundation.framework; sourceTree = DEVELOPER_DIR; };
		F84B08EB2A66B9F0002CAAB5 /* templateboardgames.app */ = {isa = PBXFileReference; explicitFileType = wrapper.application; includeInIndex = 0; path = templateboardgames.app; sourceTree = BUILT_PRODUCTS_DIR; };
		F84B08EE2A66B9F0002CAAB5 /* AppMain.swift */ = {isa = PBXFileReference; lastKnownFileType = sourcecode.swift; path = AppMain.swift; sourceTree = "<group>"; };
		F84B08F22A66B9F1002CAAB5 /* Assets.xcassets */ = {isa = PBXFileReference; lastKnownFileType = folder.assetcatalog; path = Assets.xcassets; sourceTree = "<group>"; };
		F84B08F52A66B9F1002CAAB5 /* Preview Assets.xcassets */ = {isa = PBXFileReference; lastKnownFileType = folder.assetcatalog; path = "Preview Assets.xcassets"; sourceTree = "<group>"; };
		F84B09002A66BB1B002CAAB5 /* RootView.swift */ = {isa = PBXFileReference; lastKnownFileType = sourcecode.swift; path = RootView.swift; sourceTree = "<group>"; };
		F84B09022A66BB21002CAAB5 /* RootFeature.swift */ = {isa = PBXFileReference; lastKnownFileType = sourcecode.swift; path = RootFeature.swift; sourceTree = "<group>"; };
		F84B09062A66BB76002CAAB5 /* SystemEnvironment.swift */ = {isa = PBXFileReference; lastKnownFileType = sourcecode.swift; path = SystemEnvironment.swift; sourceTree = "<group>"; };
		F84B09082A66BB96002CAAB5 /* APIError.swift */ = {isa = PBXFileReference; lastKnownFileType = sourcecode.swift; path = APIError.swift; sourceTree = "<group>"; };
		F84B090B2A66BC02002CAAB5 /* BoardgamesFeature.swift */ = {isa = PBXFileReference; lastKnownFileType = sourcecode.swift; path = BoardgamesFeature.swift; sourceTree = "<group>"; };
		F84B090D2A66BC66002CAAB5 /* BoardgameModel.swift */ = {isa = PBXFileReference; lastKnownFileType = sourcecode.swift; path = BoardgameModel.swift; sourceTree = "<group>"; };
		F84B090F2A66BCDF002CAAB5 /* BoardgamesEffects.swift */ = {isa = PBXFileReference; lastKnownFileType = sourcecode.swift; path = BoardgamesEffects.swift; sourceTree = "<group>"; };
		F84B09112A66C0E9002CAAB5 /* BoardgamesView.swift */ = {isa = PBXFileReference; lastKnownFileType = sourcecode.swift; path = BoardgamesView.swift; sourceTree = "<group>"; };
		F84B09142A66DD00002CAAB5 /* URLRequest+Publisher.swift */ = {isa = PBXFileReference; lastKnownFileType = sourcecode.swift; path = "URLRequest+Publisher.swift"; sourceTree = "<group>"; };
		F84B09172A66E0EF002CAAB5 /* ExpandableText.swift */ = {isa = PBXFileReference; lastKnownFileType = sourcecode.swift; path = ExpandableText.swift; sourceTree = "<group>"; };
		F84B09192A66E10E002CAAB5 /* ExpandableText+More.swift */ = {isa = PBXFileReference; lastKnownFileType = sourcecode.swift; path = "ExpandableText+More.swift"; sourceTree = "<group>"; };
		F84B091D2A67126F002CAAB5 /* CustomShapes.swift */ = {isa = PBXFileReference; lastKnownFileType = sourcecode.swift; path = CustomShapes.swift; sourceTree = "<group>"; };
		F863D6F52A67CD3C000D7FA9 /* template.plist */ = {isa = PBXFileReference; lastKnownFileType = text.plist.xml; path = template.plist; sourceTree = "<group>"; };
		F87624222A67D1D80038F040 /* ConfigManager.swift */ = {isa = PBXFileReference; lastKnownFileType = sourcecode.swift; path = ConfigManager.swift; sourceTree = "<group>"; };
		F87624272A67E4160038F040 /* Color+HEX.swift */ = {isa = PBXFileReference; lastKnownFileType = sourcecode.swift; path = "Color+HEX.swift"; sourceTree = "<group>"; };
		F876242F2A6831470038F040 /* SearchBar.swift */ = {isa = PBXFileReference; lastKnownFileType = sourcecode.swift; path = SearchBar.swift; sourceTree = "<group>"; };
		F87624312A683FDF0038F040 /* RatingStar.swift */ = {isa = PBXFileReference; lastKnownFileType = sourcecode.swift; path = RatingStar.swift; sourceTree = "<group>"; };
/* End PBXFileReference section */

/* Begin PBXFrameworksBuildPhase section */
		F84B08E82A66B9F0002CAAB5 /* Frameworks */ = {
			isa = PBXFrameworksBuildPhase;
			buildActionMask = 2147483647;
			files = (
				F84B08FE2A66BA5D002CAAB5 /* ComposableArchitecture in Frameworks */,
			);
			runOnlyForDeploymentPostprocessing = 0;
		};
/* End PBXFrameworksBuildPhase section */

/* Begin PBXGroup section */
		30DE0452A0D8B3C877E06EBC /* Frameworks */ = {
			isa = PBXGroup;
			children = (
				3A4DBF512E51EAA63F48DA61 /* iOS */,
			);
			name = Frameworks;
			sourceTree = "<group>";
		};
		3A4DBF512E51EAA63F48DA61 /* iOS */ = {
			isa = PBXGroup;
			children = (
				43FDFA78C78FAF363A694DA9 /* Foundation.framework */,
			);
			name = iOS;
			sourceTree = "<group>";
		};
		F84B08E22A66B9F0002CAAB5 = {
			isa = PBXGroup;
			children = (
				F84B08ED2A66B9F0002CAAB5 /* templateboardgames */,
				F84B08EC2A66B9F0002CAAB5 /* Products */,
				30DE0452A0D8B3C877E06EBC /* Frameworks */,
			);
			sourceTree = "<group>";
		};
		F84B08EC2A66B9F0002CAAB5 /* Products */ = {
			isa = PBXGroup;
			children = (
				F84B08EB2A66B9F0002CAAB5 /* templateboardgames.app */,
			);
			name = Products;
			sourceTree = "<group>";
		};
		F84B08ED2A66B9F0002CAAB5 /* templateboardgames */ = {
			isa = PBXGroup;
			children = (
				F84B08EE2A66B9F0002CAAB5 /* AppMain.swift */,
				F8DB4DC42A6729A00088D39C /* Configuration */,
				F84B08FF2A66BB11002CAAB5 /* Root */,
				F84B09052A66BB6A002CAAB5 /* Shared */,
				F84B090A2A66BBE2002CAAB5 /* Boardgames */,
				F84B09162A66E0E0002CAAB5 /* Utils */,
				F84B09132A66DCE9002CAAB5 /* Extensions */,
				F84B08F22A66B9F1002CAAB5 /* Assets.xcassets */,
				F84B08F42A66B9F1002CAAB5 /* Preview Content */,
			);
			path = templateboardgames;
			sourceTree = "<group>";
		};
		F84B08F42A66B9F1002CAAB5 /* Preview Content */ = {
			isa = PBXGroup;
			children = (
				F84B08F52A66B9F1002CAAB5 /* Preview Assets.xcassets */,
			);
			path = "Preview Content";
			sourceTree = "<group>";
		};
		F84B08FF2A66BB11002CAAB5 /* Root */ = {
			isa = PBXGroup;
			children = (
				F84B09002A66BB1B002CAAB5 /* RootView.swift */,
				F84B09022A66BB21002CAAB5 /* RootFeature.swift */,
			);
			path = Root;
			sourceTree = "<group>";
		};
		F84B09052A66BB6A002CAAB5 /* Shared */ = {
			isa = PBXGroup;
			children = (
				F84B09062A66BB76002CAAB5 /* SystemEnvironment.swift */,
				F84B09082A66BB96002CAAB5 /* APIError.swift */,
			);
			path = Shared;
			sourceTree = "<group>";
		};
		F84B090A2A66BBE2002CAAB5 /* Boardgames */ = {
			isa = PBXGroup;
			children = (
				F84B090B2A66BC02002CAAB5 /* BoardgamesFeature.swift */,
				F84B090D2A66BC66002CAAB5 /* BoardgameModel.swift */,
				F84B090F2A66BCDF002CAAB5 /* BoardgamesEffects.swift */,
				F84B09112A66C0E9002CAAB5 /* BoardgamesView.swift */,
			);
			path = Boardgames;
			sourceTree = "<group>";
		};
		F84B09132A66DCE9002CAAB5 /* Extensions */ = {
			isa = PBXGroup;
			children = (
				F84B09142A66DD00002CAAB5 /* URLRequest+Publisher.swift */,
				F84B09192A66E10E002CAAB5 /* ExpandableText+More.swift */,
				F87624272A67E4160038F040 /* Color+HEX.swift */,
			);
			path = Extensions;
			sourceTree = "<group>";
		};
		F84B09162A66E0E0002CAAB5 /* Utils */ = {
			isa = PBXGroup;
			children = (
				F84B09172A66E0EF002CAAB5 /* ExpandableText.swift */,
				F84B091D2A67126F002CAAB5 /* CustomShapes.swift */,
				F876242F2A6831470038F040 /* SearchBar.swift */,
				F87624312A683FDF0038F040 /* RatingStar.swift */,
			);
			path = Utils;
			sourceTree = "<group>";
		};
		F8DB4DC42A6729A00088D39C /* Configuration */ = {
			isa = PBXGroup;
			children = (
				F87624222A67D1D80038F040 /* ConfigManager.swift */,
				F863D6F52A67CD3C000D7FA9 /* template.plist */,
			);
			path = Configuration;
			sourceTree = "<group>";
		};
/* End PBXGroup section */

/* Begin PBXNativeTarget section */
		F84B08EA2A66B9F0002CAAB5 /* templateboardgames */ = {
			isa = PBXNativeTarget;
			buildConfigurationList = F84B08F92A66B9F1002CAAB5 /* Build configuration list for PBXNativeTarget "templateboardgames" */;
			buildPhases = (
				F84B08E72A66B9F0002CAAB5 /* Sources */,
				F84B08E82A66B9F0002CAAB5 /* Frameworks */,
				F84B08E92A66B9F0002CAAB5 /* Resources */,
			);
			buildRules = (
			);
			dependencies = (
			);
			name = templateboardgames;
			packageProductDependencies = (
				F84B08FD2A66BA5D002CAAB5 /* ComposableArchitecture */,
			);
			productName = templateboardgames;
			productReference = F84B08EB2A66B9F0002CAAB5 /* templateboardgames.app */;
			productType = "com.apple.product-type.application";
		};
/* End PBXNativeTarget section */

/* Begin PBXProject section */
		F84B08E32A66B9F0002CAAB5 /* Project object */ = {
			isa = PBXProject;
			attributes = {
				BuildIndependentTargetsInParallel = 1;
				LastSwiftUpdateCheck = 1500;
				LastUpgradeCheck = 1500;
				TargetAttributes = {
					F84B08EA2A66B9F0002CAAB5 = {
						CreatedOnToolsVersion = 15.0;
					};
				};
			};
			buildConfigurationList = F84B08E62A66B9F0002CAAB5 /* Build configuration list for PBXProject "templateboardgames" */;
			compatibilityVersion = "Xcode 14.0";
			developmentRegion = en;
			hasScannedForEncodings = 0;
			knownRegions = (
				en,
				Base,
			);
			mainGroup = F84B08E22A66B9F0002CAAB5;
			packageReferences = (
				F84B08FC2A66BA5D002CAAB5 /* XCRemoteSwiftPackageReference "swift-composable-architecture" */,
			);
			productRefGroup = F84B08EC2A66B9F0002CAAB5 /* Products */;
			projectDirPath = "";
			projectRoot = "";
			targets = (
				F84B08EA2A66B9F0002CAAB5 /* templateboardgames */,
			);
		};
/* End PBXProject section */

/* Begin PBXResourcesBuildPhase section */
		F84B08E92A66B9F0002CAAB5 /* Resources */ = {
			isa = PBXResourcesBuildPhase;
			buildActionMask = 2147483647;
			files = (
				F84B08F62A66B9F1002CAAB5 /* Preview Assets.xcassets in Resources */,
				F863D6F62A67CD3C000D7FA9 /* template.plist in Resources */,
				F84B08F32A66B9F1002CAAB5 /* Assets.xcassets in Resources */,
			);
			runOnlyForDeploymentPostprocessing = 0;
		};
/* End PBXResourcesBuildPhase section */

/* Begin PBXSourcesBuildPhase section */
		F84B08E72A66B9F0002CAAB5 /* Sources */ = {
			isa = PBXSourcesBuildPhase;
			buildActionMask = 2147483647;
			files = (
				F87624282A67E4160038F040 /* Color+HEX.swift in Sources */,
				F84B09152A66DD00002CAAB5 /* URLRequest+Publisher.swift in Sources */,
				F84B090C2A66BC02002CAAB5 /* BoardgamesFeature.swift in Sources */,
				F84B09072A66BB76002CAAB5 /* SystemEnvironment.swift in Sources */,
				F84B09032A66BB21002CAAB5 /* RootFeature.swift in Sources */,
				F87624302A6831470038F040 /* SearchBar.swift in Sources */,
				F84B08EF2A66B9F0002CAAB5 /* AppMain.swift in Sources */,
				F84B09122A66C0E9002CAAB5 /* BoardgamesView.swift in Sources */,
				F84B09012A66BB1B002CAAB5 /* RootView.swift in Sources */,
				F87624232A67D1D80038F040 /* ConfigManager.swift in Sources */,
				F84B091A2A66E10E002CAAB5 /* ExpandableText+More.swift in Sources */,
				F84B090E2A66BC66002CAAB5 /* BoardgameModel.swift in Sources */,
				F84B09102A66BCDF002CAAB5 /* BoardgamesEffects.swift in Sources */,
				F84B09182A66E0EF002CAAB5 /* ExpandableText.swift in Sources */,
				F84B09092A66BB96002CAAB5 /* APIError.swift in Sources */,
				F87624322A683FDF0038F040 /* RatingStar.swift in Sources */,
				F84B091E2A67126F002CAAB5 /* CustomShapes.swift in Sources */,
			);
			runOnlyForDeploymentPostprocessing = 0;
		};
/* End PBXSourcesBuildPhase section */

/* Begin XCBuildConfiguration section */
		F84B08F72A66B9F1002CAAB5 /* Debug */ = {
			isa = XCBuildConfiguration;
			buildSettings = {
				ALWAYS_SEARCH_USER_PATHS = NO;
				ASSETCATALOG_COMPILER_GENERATE_SWIFT_ASSET_SYMBOL_EXTENSIONS = YES;
				CLANG_ANALYZER_NONNULL = YES;
				CLANG_ANALYZER_NUMBER_OBJECT_CONVERSION = YES_AGGRESSIVE;
				CLANG_CXX_LANGUAGE_STANDARD = "gnu++20";
				CLANG_ENABLE_MODULES = YES;
				CLANG_ENABLE_OBJC_ARC = YES;
				CLANG_ENABLE_OBJC_WEAK = YES;
				CLANG_WARN_BLOCK_CAPTURE_AUTORELEASING = YES;
				CLANG_WARN_BOOL_CONVERSION = YES;
				CLANG_WARN_COMMA = YES;
				CLANG_WARN_CONSTANT_CONVERSION = YES;
				CLANG_WARN_DEPRECATED_OBJC_IMPLEMENTATIONS = YES;
				CLANG_WARN_DIRECT_OBJC_ISA_USAGE = YES_ERROR;
				CLANG_WARN_DOCUMENTATION_COMMENTS = YES;
				CLANG_WARN_EMPTY_BODY = YES;
				CLANG_WARN_ENUM_CONVERSION = YES;
				CLANG_WARN_INFINITE_RECURSION = YES;
				CLANG_WARN_INT_CONVERSION = YES;
				CLANG_WARN_NON_LITERAL_NULL_CONVERSION = YES;
				CLANG_WARN_OBJC_IMPLICIT_RETAIN_SELF = YES;
				CLANG_WARN_OBJC_LITERAL_CONVERSION = YES;
				CLANG_WARN_OBJC_ROOT_CLASS = YES_ERROR;
				CLANG_WARN_QUOTED_INCLUDE_IN_FRAMEWORK_HEADER = YES;
				CLANG_WARN_RANGE_LOOP_ANALYSIS = YES;
				CLANG_WARN_STRICT_PROTOTYPES = YES;
				CLANG_WARN_SUSPICIOUS_MOVE = YES;
				CLANG_WARN_UNGUARDED_AVAILABILITY = YES_AGGRESSIVE;
				CLANG_WARN_UNREACHABLE_CODE = YES;
				CLANG_WARN__DUPLICATE_METHOD_MATCH = YES;
				COPY_PHASE_STRIP = NO;
				DEBUG_INFORMATION_FORMAT = dwarf;
				ENABLE_STRICT_OBJC_MSGSEND = YES;
				ENABLE_TESTABILITY = YES;
				ENABLE_USER_SCRIPT_SANDBOXING = YES;
				GCC_C_LANGUAGE_STANDARD = gnu17;
				GCC_DYNAMIC_NO_PIC = NO;
				GCC_NO_COMMON_BLOCKS = YES;
				GCC_OPTIMIZATION_LEVEL = 0;
				GCC_PREPROCESSOR_DEFINITIONS = (
					"DEBUG=1",
					"$(inherited)",
				);
				GCC_WARN_64_TO_32_BIT_CONVERSION = YES;
				GCC_WARN_ABOUT_RETURN_TYPE = YES_ERROR;
				GCC_WARN_UNDECLARED_SELECTOR = YES;
				GCC_WARN_UNINITIALIZED_AUTOS = YES_AGGRESSIVE;
				GCC_WARN_UNUSED_FUNCTION = YES;
				GCC_WARN_UNUSED_VARIABLE = YES;
				IPHONEOS_DEPLOYMENT_TARGET = 17.0;
				LOCALIZATION_PREFERS_STRING_CATALOGS = YES;
				MTL_ENABLE_DEBUG_INFO = INCLUDE_SOURCE;
				MTL_FAST_MATH = YES;
				ONLY_ACTIVE_ARCH = YES;
				SDKROOT = iphoneos;
				SWIFT_ACTIVE_COMPILATION_CONDITIONS = "DEBUG $(inherited)";
				SWIFT_OPTIMIZATION_LEVEL = "-Onone";
			};
			name = Debug;
		};
		F84B08F82A66B9F1002CAAB5 /* Release */ = {
			isa = XCBuildConfiguration;
			buildSettings = {
				ALWAYS_SEARCH_USER_PATHS = NO;
				ASSETCATALOG_COMPILER_GENERATE_SWIFT_ASSET_SYMBOL_EXTENSIONS = YES;
				CLANG_ANALYZER_NONNULL = YES;
				CLANG_ANALYZER_NUMBER_OBJECT_CONVERSION = YES_AGGRESSIVE;
				CLANG_CXX_LANGUAGE_STANDARD = "gnu++20";
				CLANG_ENABLE_MODULES = YES;
				CLANG_ENABLE_OBJC_ARC = YES;
				CLANG_ENABLE_OBJC_WEAK = YES;
				CLANG_WARN_BLOCK_CAPTURE_AUTORELEASING = YES;
				CLANG_WARN_BOOL_CONVERSION = YES;
				CLANG_WARN_COMMA = YES;
				CLANG_WARN_CONSTANT_CONVERSION = YES;
				CLANG_WARN_DEPRECATED_OBJC_IMPLEMENTATIONS = YES;
				CLANG_WARN_DIRECT_OBJC_ISA_USAGE = YES_ERROR;
				CLANG_WARN_DOCUMENTATION_COMMENTS = YES;
				CLANG_WARN_EMPTY_BODY = YES;
				CLANG_WARN_ENUM_CONVERSION = YES;
				CLANG_WARN_INFINITE_RECURSION = YES;
				CLANG_WARN_INT_CONVERSION = YES;
				CLANG_WARN_NON_LITERAL_NULL_CONVERSION = YES;
				CLANG_WARN_OBJC_IMPLICIT_RETAIN_SELF = YES;
				CLANG_WARN_OBJC_LITERAL_CONVERSION = YES;
				CLANG_WARN_OBJC_ROOT_CLASS = YES_ERROR;
				CLANG_WARN_QUOTED_INCLUDE_IN_FRAMEWORK_HEADER = YES;
				CLANG_WARN_RANGE_LOOP_ANALYSIS = YES;
				CLANG_WARN_STRICT_PROTOTYPES = YES;
				CLANG_WARN_SUSPICIOUS_MOVE = YES;
				CLANG_WARN_UNGUARDED_AVAILABILITY = YES_AGGRESSIVE;
				CLANG_WARN_UNREACHABLE_CODE = YES;
				CLANG_WARN__DUPLICATE_METHOD_MATCH = YES;
				COPY_PHASE_STRIP = NO;
				DEBUG_INFORMATION_FORMAT = "dwarf-with-dsym";
				ENABLE_NS_ASSERTIONS = NO;
				ENABLE_STRICT_OBJC_MSGSEND = YES;
				ENABLE_USER_SCRIPT_SANDBOXING = YES;
				GCC_C_LANGUAGE_STANDARD = gnu17;
				GCC_NO_COMMON_BLOCKS = YES;
				GCC_WARN_64_TO_32_BIT_CONVERSION = YES;
				GCC_WARN_ABOUT_RETURN_TYPE = YES_ERROR;
				GCC_WARN_UNDECLARED_SELECTOR = YES;
				GCC_WARN_UNINITIALIZED_AUTOS = YES_AGGRESSIVE;
				GCC_WARN_UNUSED_FUNCTION = YES;
				GCC_WARN_UNUSED_VARIABLE = YES;
				IPHONEOS_DEPLOYMENT_TARGET = 17.0;
				LOCALIZATION_PREFERS_STRING_CATALOGS = YES;
				MTL_ENABLE_DEBUG_INFO = NO;
				MTL_FAST_MATH = YES;
				SDKROOT = iphoneos;
				SWIFT_COMPILATION_MODE = wholemodule;
				VALIDATE_PRODUCT = YES;
			};
			name = Release;
		};
		F84B08FA2A66B9F1002CAAB5 /* Debug */ = {
			isa = XCBuildConfiguration;
			buildSettings = {
				ASSETCATALOG_COMPILER_APPICON_NAME = AppIcon;
				ASSETCATALOG_COMPILER_GLOBAL_ACCENT_COLOR_NAME = AccentColor;
				CODE_SIGN_STYLE = Automatic;
				CURRENT_PROJECT_VERSION = com.yourcompany.template;
				DEVELOPMENT_ASSET_PATHS = "\"templateboardgames/Preview Content\"";
				DEVELOPMENT_TEAM = S3MX2GB5D3;
				ENABLE_PREVIEWS = YES;
				GENERATE_INFOPLIST_FILE = YES;
				INFOPLIST_KEY_CFBundleDisplayName = Template;
				INFOPLIST_KEY_LSApplicationCategoryType = "public.app-category.business";
				INFOPLIST_KEY_UIApplicationSceneManifest_Generation = YES;
				INFOPLIST_KEY_UIApplicationSupportsIndirectInputEvents = YES;
				INFOPLIST_KEY_UILaunchScreen_Generation = YES;
				INFOPLIST_KEY_UISupportedInterfaceOrientations_iPad = "UIInterfaceOrientationPortrait UIInterfaceOrientationPortraitUpsideDown UIInterfaceOrientationLandscapeLeft UIInterfaceOrientationLandscapeRight";
				INFOPLIST_KEY_UISupportedInterfaceOrientations_iPhone = "UIInterfaceOrientationPortrait UIInterfaceOrientationLandscapeLeft UIInterfaceOrientationLandscapeRight";
				LD_RUNPATH_SEARCH_PATHS = (
					"$(inherited)",
					"@executable_path/Frameworks",
				);
				MARKETING_VERSION = 1.0;
				OTHER_SWIFT_FLAGS = "-Dtemplate";
				PRODUCT_BUNDLE_IDENTIFIER = com.quentindeschamps.templateboardgames;
				PRODUCT_NAME = "$(TARGET_NAME)";
				SWIFT_EMIT_LOC_STRINGS = YES;
				SWIFT_VERSION = 5.0;
				TARGETED_DEVICE_FAMILY = "1,2";
			};
			name = Debug;
		};
		F84B08FB2A66B9F1002CAAB5 /* Release */ = {
			isa = XCBuildConfiguration;
			buildSettings = {
				ASSETCATALOG_COMPILER_APPICON_NAME = AppIcon;
				ASSETCATALOG_COMPILER_GLOBAL_ACCENT_COLOR_NAME = AccentColor;
				CODE_SIGN_STYLE = Automatic;
				CURRENT_PROJECT_VERSION = com.yourcompany.template;
				DEVELOPMENT_ASSET_PATHS = "\"templateboardgames/Preview Content\"";
				DEVELOPMENT_TEAM = S3MX2GB5D3;
				ENABLE_PREVIEWS = YES;
				GENERATE_INFOPLIST_FILE = YES;
				INFOPLIST_KEY_CFBundleDisplayName = Template;
				INFOPLIST_KEY_LSApplicationCategoryType = "public.app-category.business";
				INFOPLIST_KEY_UIApplicationSceneManifest_Generation = YES;
				INFOPLIST_KEY_UIApplicationSupportsIndirectInputEvents = YES;
				INFOPLIST_KEY_UILaunchScreen_Generation = YES;
				INFOPLIST_KEY_UISupportedInterfaceOrientations_iPad = "UIInterfaceOrientationPortrait UIInterfaceOrientationPortraitUpsideDown UIInterfaceOrientationLandscapeLeft UIInterfaceOrientationLandscapeRight";
				INFOPLIST_KEY_UISupportedInterfaceOrientations_iPhone = "UIInterfaceOrientationPortrait UIInterfaceOrientationLandscapeLeft UIInterfaceOrientationLandscapeRight";
				LD_RUNPATH_SEARCH_PATHS = (
					"$(inherited)",
					"@executable_path/Frameworks",
				);
				MARKETING_VERSION = 1.0;
				OTHER_SWIFT_FLAGS = "-Dtemplate";
				PRODUCT_BUNDLE_IDENTIFIER = com.quentindeschamps.templateboardgames;
				PRODUCT_NAME = "$(TARGET_NAME)";
				SWIFT_EMIT_LOC_STRINGS = YES;
				SWIFT_VERSION = 5.0;
				TARGETED_DEVICE_FAMILY = "1,2";
			};
			name = Release;
		};
/* End XCBuildConfiguration section */

/* Begin XCConfigurationList section */
		F84B08E62A66B9F0002CAAB5 /* Build configuration list for PBXProject "templateboardgames" */ = {
			isa = XCConfigurationList;
			buildConfigurations = (
				F84B08F72A66B9F1002CAAB5 /* Debug */,
				F84B08F82A66B9F1002CAAB5 /* Release */,
			);
			defaultConfigurationIsVisible = 0;
			defaultConfigurationName = Release;
		};
		F84B08F92A66B9F1002CAAB5 /* Build configuration list for PBXNativeTarget "templateboardgames" */ = {
			isa = XCConfigurationList;
			buildConfigurations = (
				F84B08FA2A66B9F1002CAAB5 /* Debug */,
				F84B08FB2A66B9F1002CAAB5 /* Release */,
			);
			defaultConfigurationIsVisible = 0;
			defaultConfigurationName = Release;
		};
/* End XCConfigurationList section */

/* Begin XCRemoteSwiftPackageReference section */
		F84B08FC2A66BA5D002CAAB5 /* XCRemoteSwiftPackageReference "swift-composable-architecture" */ = {
			isa = XCRemoteSwiftPackageReference;
			repositoryURL = "https://github.com/pointfreeco/swift-composable-architecture";
			requirement = {
				kind = upToNextMajorVersion;
				minimumVersion = 0.56.0;
			};
		};
/* End XCRemoteSwiftPackageReference section */

/* Begin XCSwiftPackageProductDependency section */
		F84B08FD2A66BA5D002CAAB5 /* ComposableArchitecture */ = {
			isa = XCSwiftPackageProductDependency;
			package = F84B08FC2A66BA5D002CAAB5 /* XCRemoteSwiftPackageReference "swift-composable-architecture" */;
			productName = ComposableArchitecture;
		};
/* End XCSwiftPackageProductDependency section */
	};
	rootObject = F84B08E32A66B9F0002CAAB5 /* Project object */;
}
